
Microsoft Visual Studio Solution File, Format Version 12.00
# Visual Studio Version 17
VisualStudioVersion = 17.8.34219.65
MinimumVisualStudioVersion = 10.0.40219.1
Project("{9A19103F-16F7-4668-BE54-9A1E7A4F7556}") = "StockFlow.Domain", "StockFlow.Domain\StockFlow.Domain.csproj", "{621160A9-DB57-483F-9F8C-642DEB5DC8D8}"
EndProject
Project("{9A19103F-16F7-4668-BE54-9A1E7A4F7556}") = "StockFlow.Application", "StockFlow.Application\StockFlow.Application.csproj", "{81B39DCD-D23A-4719-A166-4F9804104C4A}"
EndProject
Project("{9A19103F-16F7-4668-BE54-9A1E7A4F7556}") = "StockFlow.Infrastructure", "StockFlow.Infrastructure\StockFlow.Infrastructure.csproj", "{E237A58F-ACF2-45D4-90C5-CC3D3C7B58CA}"
EndProject
Project("{9A19103F-16F7-4668-BE54-9A1E7A4F7556}") = "StockFlow.Contracts", "StockFlow.Contracts\StockFlow.Contracts.csproj", "{EC244E2A-07A5-476A-BD23-935386C72C4F}"
EndProject
Project("{9A19103F-16F7-4668-BE54-9A1E7A4F7556}") = "StockFlow.Web", "StockFlow.Web\StockFlow.Web\StockFlow.Web.csproj", "{34ABF305-FBBC-4D43-B86E-D0403DB446C1}"
EndProject
Project("{9A19103F-16F7-4668-BE54-9A1E7A4F7556}") = "StockFlow.Web.Client", "StockFlow.Web\StockFlow.Web.Client\StockFlow.Web.Client.csproj", "{BE88D954-CF45-4EB5-A57E-AD17E5CC6D1F}"
EndProject
Project("{9A19103F-16F7-4668-BE54-9A1E7A4F7556}") = "StockFlow.WinForms", "StockFlow.WinForms\StockFlow.WinForms.csproj", "{12FD6C18-7293-4158-9FF5-7378A6B8D391}"
EndProject
Project("{9A19103F-16F7-4668-BE54-9A1E7A4F7556}") = "StockFlow.Wpf", "StockFlow.Wpf\StockFlow.Wpf.csproj", "{BBC2218E-7C99-4A8D-B9BD-03B00C6445D4}"
EndProject
Project("{9A19103F-16F7-4668-BE54-9A1E7A4F7556}") = "StockFlow.ResultPattern", "StockFlow.ResultPattern\StockFlow.ResultPattern.csproj", "{D10CDB4F-DD48-47D1-8AD3-DD4642ABC5F6}"
EndProject
Project("{2150E333-8FDC-42A3-9474-1A3956D46DE8}") = "Tests", "Tests", "{FCDBFB3C-4D76-423F-A985-4D625E6F94A7}"
EndProject
Project("{FAE04EC0-301F-11D3-BF4B-00C04F79EFBC}") = "StockFlow.Application.Tests", "Tests\StockFlow.Application.Tests\StockFlow.Application.Tests.csproj", "{A5BA8CDD-A1F8-415F-A503-967CC711E360}"
EndProject
Global
	GlobalSection(SolutionConfigurationPlatforms) = preSolution
		Debug|Any CPU = Debug|Any CPU
		Release|Any CPU = Release|Any CPU
	EndGlobalSection
	GlobalSection(ProjectConfigurationPlatforms) = postSolution
		{621160A9-DB57-483F-9F8C-642DEB5DC8D8}.Debug|Any CPU.ActiveCfg = Debug|Any CPU
		{621160A9-DB57-483F-9F8C-642DEB5DC8D8}.Debug|Any CPU.Build.0 = Debug|Any CPU
		{621160A9-DB57-483F-9F8C-642DEB5DC8D8}.Release|Any CPU.ActiveCfg = Release|Any CPU
		{621160A9-DB57-483F-9F8C-642DEB5DC8D8}.Release|Any CPU.Build.0 = Release|Any CPU
		{81B39DCD-D23A-4719-A166-4F9804104C4A}.Debug|Any CPU.ActiveCfg = Debug|Any CPU
		{81B39DCD-D23A-4719-A166-4F9804104C4A}.Debug|Any CPU.Build.0 = Debug|Any CPU
		{81B39DCD-D23A-4719-A166-4F9804104C4A}.Release|Any CPU.ActiveCfg = Release|Any CPU
		{81B39DCD-D23A-4719-A166-4F9804104C4A}.Release|Any CPU.Build.0 = Release|Any CPU
		{E237A58F-ACF2-45D4-90C5-CC3D3C7B58CA}.Debug|Any CPU.ActiveCfg = Debug|Any CPU
		{E237A58F-ACF2-45D4-90C5-CC3D3C7B58CA}.Debug|Any CPU.Build.0 = Debug|Any CPU
		{E237A58F-ACF2-45D4-90C5-CC3D3C7B58CA}.Release|Any CPU.ActiveCfg = Release|Any CPU
		{E237A58F-ACF2-45D4-90C5-CC3D3C7B58CA}.Release|Any CPU.Build.0 = Release|Any CPU
		{EC244E2A-07A5-476A-BD23-935386C72C4F}.Debug|Any CPU.ActiveCfg = Debug|Any CPU
		{EC244E2A-07A5-476A-BD23-935386C72C4F}.Debug|Any CPU.Build.0 = Debug|Any CPU
		{EC244E2A-07A5-476A-BD23-935386C72C4F}.Release|Any CPU.ActiveCfg = Release|Any CPU
		{EC244E2A-07A5-476A-BD23-935386C72C4F}.Release|Any CPU.Build.0 = Release|Any CPU
		{34ABF305-FBBC-4D43-B86E-D0403DB446C1}.Debug|Any CPU.ActiveCfg = Debug|Any CPU
		{34ABF305-FBBC-4D43-B86E-D0403DB446C1}.Debug|Any CPU.Build.0 = Debug|Any CPU
		{34ABF305-FBBC-4D43-B86E-D0403DB446C1}.Release|Any CPU.ActiveCfg = Release|Any CPU
		{34ABF305-FBBC-4D43-B86E-D0403DB446C1}.Release|Any CPU.Build.0 = Release|Any CPU
		{BE88D954-CF45-4EB5-A57E-AD17E5CC6D1F}.Debug|Any CPU.ActiveCfg = Debug|Any CPU
		{BE88D954-CF45-4EB5-A57E-AD17E5CC6D1F}.Debug|Any CPU.Build.0 = Debug|Any CPU
		{BE88D954-CF45-4EB5-A57E-AD17E5CC6D1F}.Release|Any CPU.ActiveCfg = Release|Any CPU
		{BE88D954-CF45-4EB5-A57E-AD17E5CC6D1F}.Release|Any CPU.Build.0 = Release|Any CPU
		{12FD6C18-7293-4158-9FF5-7378A6B8D391}.Debug|Any CPU.ActiveCfg = Debug|Any CPU
		{12FD6C18-7293-4158-9FF5-7378A6B8D391}.Debug|Any CPU.Build.0 = Debug|Any CPU
		{12FD6C18-7293-4158-9FF5-7378A6B8D391}.Release|Any CPU.ActiveCfg = Release|Any CPU
		{12FD6C18-7293-4158-9FF5-7378A6B8D391}.Release|Any CPU.Build.0 = Release|Any CPU
		{BBC2218E-7C99-4A8D-B9BD-03B00C6445D4}.Debug|Any CPU.ActiveCfg = Debug|Any CPU
		{BBC2218E-7C99-4A8D-B9BD-03B00C6445D4}.Debug|Any CPU.Build.0 = Debug|Any CPU
		{BBC2218E-7C99-4A8D-B9BD-03B00C6445D4}.Release|Any CPU.ActiveCfg = Release|Any CPU
		{BBC2218E-7C99-4A8D-B9BD-03B00C6445D4}.Release|Any CPU.Build.0 = Release|Any CPU
		{D10CDB4F-DD48-47D1-8AD3-DD4642ABC5F6}.Debug|Any CPU.ActiveCfg = Debug|Any CPU
		{D10CDB4F-DD48-47D1-8AD3-DD4642ABC5F6}.Debug|Any CPU.Build.0 = Debug|Any CPU
		{D10CDB4F-DD48-47D1-8AD3-DD4642ABC5F6}.Release|Any CPU.ActiveCfg = Release|Any CPU
		{D10CDB4F-DD48-47D1-8AD3-DD4642ABC5F6}.Release|Any CPU.Build.0 = Release|Any CPU
		{A5BA8CDD-A1F8-415F-A503-967CC711E360}.Debug|Any CPU.ActiveCfg = Debug|Any CPU
		{A5BA8CDD-A1F8-415F-A503-967CC711E360}.Debug|Any CPU.Build.0 = Debug|Any CPU
		{A5BA8CDD-A1F8-415F-A503-967CC711E360}.Release|Any CPU.ActiveCfg = Release|Any CPU
		{A5BA8CDD-A1F8-415F-A503-967CC711E360}.Release|Any CPU.Build.0 = Release|Any CPU
	EndGlobalSection
	GlobalSection(SolutionProperties) = preSolution
		HideSolutionNode = FALSE
	EndGlobalSection
	GlobalSection(NestedProjects) = preSolution
		{A5BA8CDD-A1F8-415F-A503-967CC711E360} = {FCDBFB3C-4D76-423F-A985-4D625E6F94A7}
	EndGlobalSection
	GlobalSection(ExtensibilityGlobals) = postSolution
		SolutionGuid = {B0811FA4-1F09-41F1-911A-5633B8CD7A09}
	EndGlobalSection
EndGlobal
